
Microsoft Visual Studio Solution File, Format Version 12.00
# Visual Studio Version 16
VisualStudioVersion = 16.0.32106.194
MinimumVisualStudioVersion = 10.0.40219.1
Project("{FAE04EC0-301F-11D3-BF4B-00C04F79EFBC}") = "Курсовая", "Курсовая.csproj", "{B44240B3-3303-4349-AB8F-AA60580954A8}"
EndProject
Global
	GlobalSection(SolutionConfigurationPlatforms) = preSolution
		Debug|Any CPU = Debug|Any CPU
		Release|Any CPU = Release|Any CPU
	EndGlobalSection
	GlobalSection(ProjectConfigurationPlatforms) = postSolution
		{B44240B3-3303-4349-AB8F-AA60580954A8}.Debug|Any CPU.ActiveCfg = Debug|Any CPU
		{B44240B3-3303-4349-AB8F-AA60580954A8}.Debug|Any CPU.Build.0 = Debug|Any CPU
		{B44240B3-3303-4349-AB8F-AA60580954A8}.Release|Any CPU.ActiveCfg = Release|Any CPU
		{B44240B3-3303-4349-AB8F-AA60580954A8}.Release|Any CPU.Build.0 = Release|Any CPU
	EndGlobalSection
	GlobalSection(SolutionProperties) = preSolution
		HideSolutionNode = FALSE
	EndGlobalSection
	GlobalSection(ExtensibilityGlobals) = postSolution
		SolutionGuid = {8E6ECE5F-3A5C-4C12-86A6-80CF56AE1AF2}
	EndGlobalSection
EndGlobal
